
Microsoft Visual Studio Solution File, Format Version 12.00
# Visual Studio 14
VisualStudioVersion = 14.0.24720.0
MinimumVisualStudioVersion = 10.0.40219.1
Project("{FAE04EC0-301F-11D3-BF4B-00C04F79EFBC}") = "Platform.Template.Service", "Platform.Template.Service\Platform.Template.Service.csproj", "{6B43B8B5-DF37-4872-B487-E353F7DDA7CC}"
EndProject
Project("{FAE04EC0-301F-11D3-BF4B-00C04F79EFBC}") = "Platform.Template.Domain", "Platform.Template.Domain\Platform.Template.Domain.csproj", "{8237F5DC-4A40-408F-9E42-6F2B772D685E}"
EndProject
Project("{FAE04EC0-301F-11D3-BF4B-00C04F79EFBC}") = "Platform.Template.Data", "Platform.Template.Data\Platform.Template.Data.csproj", "{DD3D6EC6-9556-474A-A29D-54C61BC39E6F}"
EndProject
Project("{FAE04EC0-301F-11D3-BF4B-00C04F79EFBC}") = "Platform.Template.Core", "Platform.Template.Core\Platform.Template.Core.csproj", "{E5780546-80EB-482C-BFA1-AAF7D65654FD}"
EndProject
Project("{FAE04EC0-301F-11D3-BF4B-00C04F79EFBC}") = "Platform.Template.Tests", "Platform.Template.Tests\Platform.Template.Tests.csproj", "{439DF0A1-243E-4B2C-BCE0-2A7BA3ADA030}"
EndProject
Global
	GlobalSection(SolutionConfigurationPlatforms) = preSolution
		Debug|Any CPU = Debug|Any CPU
		Release|Any CPU = Release|Any CPU
	EndGlobalSection
	GlobalSection(ProjectConfigurationPlatforms) = postSolution
		{6B43B8B5-DF37-4872-B487-E353F7DDA7CC}.Debug|Any CPU.ActiveCfg = Debug|Any CPU
		{6B43B8B5-DF37-4872-B487-E353F7DDA7CC}.Debug|Any CPU.Build.0 = Debug|Any CPU
		{6B43B8B5-DF37-4872-B487-E353F7DDA7CC}.Release|Any CPU.ActiveCfg = Release|Any CPU
		{6B43B8B5-DF37-4872-B487-E353F7DDA7CC}.Release|Any CPU.Build.0 = Release|Any CPU
		{8237F5DC-4A40-408F-9E42-6F2B772D685E}.Debug|Any CPU.ActiveCfg = Debug|Any CPU
		{8237F5DC-4A40-408F-9E42-6F2B772D685E}.Debug|Any CPU.Build.0 = Debug|Any CPU
		{8237F5DC-4A40-408F-9E42-6F2B772D685E}.Release|Any CPU.ActiveCfg = Release|Any CPU
		{8237F5DC-4A40-408F-9E42-6F2B772D685E}.Release|Any CPU.Build.0 = Release|Any CPU
		{DD3D6EC6-9556-474A-A29D-54C61BC39E6F}.Debug|Any CPU.ActiveCfg = Debug|Any CPU
		{DD3D6EC6-9556-474A-A29D-54C61BC39E6F}.Debug|Any CPU.Build.0 = Debug|Any CPU
		{DD3D6EC6-9556-474A-A29D-54C61BC39E6F}.Release|Any CPU.ActiveCfg = Release|Any CPU
		{DD3D6EC6-9556-474A-A29D-54C61BC39E6F}.Release|Any CPU.Build.0 = Release|Any CPU
		{E5780546-80EB-482C-BFA1-AAF7D65654FD}.Debug|Any CPU.ActiveCfg = Debug|Any CPU
		{E5780546-80EB-482C-BFA1-AAF7D65654FD}.Debug|Any CPU.Build.0 = Debug|Any CPU
		{E5780546-80EB-482C-BFA1-AAF7D65654FD}.Release|Any CPU.ActiveCfg = Release|Any CPU
		{E5780546-80EB-482C-BFA1-AAF7D65654FD}.Release|Any CPU.Build.0 = Release|Any CPU
		{439DF0A1-243E-4B2C-BCE0-2A7BA3ADA030}.Debug|Any CPU.ActiveCfg = Debug|Any CPU
		{439DF0A1-243E-4B2C-BCE0-2A7BA3ADA030}.Debug|Any CPU.Build.0 = Debug|Any CPU
		{439DF0A1-243E-4B2C-BCE0-2A7BA3ADA030}.Release|Any CPU.ActiveCfg = Release|Any CPU
		{439DF0A1-243E-4B2C-BCE0-2A7BA3ADA030}.Release|Any CPU.Build.0 = Release|Any CPU
	EndGlobalSection
	GlobalSection(SolutionProperties) = preSolution
		HideSolutionNode = FALSE
	EndGlobalSection
EndGlobal
