
Microsoft Visual Studio Solution File, Format Version 12.00
# Visual Studio 14
VisualStudioVersion = 14.0.25420.1
MinimumVisualStudioVersion = 10.0.40219.1
Project("{FAE04EC0-301F-11D3-BF4B-00C04F79EFBC}") = "Platform.Utils.IoC", "Platform.Utils.Ioc\Platform.Utils.IoC.csproj", "{5FEB9E21-36AB-4202-80C2-5EAEA87186C5}"
EndProject
Project("{FAE04EC0-301F-11D3-BF4B-00C04F79EFBC}") = "Platform.Utils.Redis", "Platform.Utils.Redis\Platform.Utils.Redis.csproj", "{781EF01E-9543-475D-914D-A01BF487FF49}"
EndProject
Project("{FAE04EC0-301F-11D3-BF4B-00C04F79EFBC}") = "Platform.Utils.Nhibernate", "Platform.Utils.Nhibernate\Platform.Utils.Nhibernate.csproj", "{5DE56BE0-B25E-456D-A8FE-82447884ED07}"
EndProject
Project("{FAE04EC0-301F-11D3-BF4B-00C04F79EFBC}") = "Platform.Utils.Cassandra", "Platform.Utils.Cassandra\Platform.Utils.Cassandra.csproj", "{A4DDBE2C-24D4-4250-A7CF-FAB16C07F4CD}"
EndProject
Project("{FAE04EC0-301F-11D3-BF4B-00C04F79EFBC}") = "Platform.Utils.Domain", "Platform.Utils.Domain\Platform.Utils.Domain.csproj", "{0859179C-FCC5-4214-80FE-ECB37E8CD811}"
EndProject
Project("{FAE04EC0-301F-11D3-BF4B-00C04F79EFBC}") = "Platform.Utils.ServiceBus", "Platform.Utils.ServiceBus\Platform.Utils.ServiceBus.csproj", "{C5A519A5-3FF6-4F44-B3B0-CEF18BDDCD43}"
EndProject
Project("{FAE04EC0-301F-11D3-BF4B-00C04F79EFBC}") = "Platform.Utils.NLog", "Platform.Utils.NLog\Platform.Utils.NLog.csproj", "{D2D752BB-9C64-4916-9BD0-9792B55F14B2}"
EndProject
Project("{FAE04EC0-301F-11D3-BF4B-00C04F79EFBC}") = "Platform.Utils.Owin", "Platform.Utils.Owin\Platform.Utils.Owin.csproj", "{A61DA365-240E-498C-98D6-16F486770D70}"
EndProject
Project("{FAE04EC0-301F-11D3-BF4B-00C04F79EFBC}") = "Platform.Utils.MongoDb", "Platform.Utils.MongoDb\Platform.Utils.MongoDb.csproj", "{E163275C-432C-4AEC-B80B-3B05B266893E}"
EndProject
Project("{FAE04EC0-301F-11D3-BF4B-00C04F79EFBC}") = "Platform.Utils.Hangfire", "Platform.Utils.Hangfire\Platform.Utils.Hangfire.csproj", "{86661EF6-6888-4CE6-B320-30F96FE20DCC}"
EndProject
Project("{FAE04EC0-301F-11D3-BF4B-00C04F79EFBC}") = "Platform.Utils.ServiceBus.CassandraRetry", "Platform.Utils.ServiceBus.CassandraRetry\Platform.Utils.ServiceBus.CassandraRetry.csproj", "{23B5AAB4-43BD-4CC0-BFFF-3BCA1ECE091C}"
EndProject
Project("{FAE04EC0-301F-11D3-BF4B-00C04F79EFBC}") = "Platform.Utils.Tests", "Platform.Utils.Tests\Platform.Utils.Tests.csproj", "{9CA65A2E-1B49-4251-9847-FDF50F6EE5DA}"
EndProject
Project("{FAE04EC0-301F-11D3-BF4B-00C04F79EFBC}") = "Platform.Utils.Kafka", "Platform.Utils.Kafka\Platform.Utils.Kafka.csproj", "{23C7B9B4-8C73-423D-8ED1-DEEA76D66E05}"
EndProject
Project("{FAE04EC0-301F-11D3-BF4B-00C04F79EFBC}") = "Platform.Utils.Rpc", "Platform.Utils.Rpc\Platform.Utils.Rpc.csproj", "{93C8B9A4-A97F-4D38-92C6-8C159CABC82F}"
EndProject
Project("{FAE04EC0-301F-11D3-BF4B-00C04F79EFBC}") = "Platform.Utils.Json", "Platform.Utils.Json\Platform.Utils.Json.csproj", "{62540A57-8E57-4148-A0D7-CC23C3E65B27}"
EndProject
Project("{FAE04EC0-301F-11D3-BF4B-00C04F79EFBC}") = "Platform.Utils", "Platform.Utils\Platform.Utils.csproj", "{DF997291-245E-40FB-9618-0AD3F2EB627A}"
	ProjectSection(ProjectDependencies) = postProject
		{BC4E611C-07B8-48DE-A956-D3F1C83FCA16} = {BC4E611C-07B8-48DE-A956-D3F1C83FCA16}
		{781EF01E-9543-475D-914D-A01BF487FF49} = {781EF01E-9543-475D-914D-A01BF487FF49}
		{5FEB9E21-36AB-4202-80C2-5EAEA87186C5} = {5FEB9E21-36AB-4202-80C2-5EAEA87186C5}
		{1D8B6B27-8814-49A0-A586-C8B25D4CE97B} = {1D8B6B27-8814-49A0-A586-C8B25D4CE97B}
		{A4DDBE2C-24D4-4250-A7CF-FAB16C07F4CD} = {A4DDBE2C-24D4-4250-A7CF-FAB16C07F4CD}
		{3887693A-1363-40EA-BE4B-5BBB2007F3FA} = {3887693A-1363-40EA-BE4B-5BBB2007F3FA}
		{47524E40-D3AB-4A45-BD5B-55E97D7BD541} = {47524E40-D3AB-4A45-BD5B-55E97D7BD541}
		{62540A57-8E57-4148-A0D7-CC23C3E65B27} = {62540A57-8E57-4148-A0D7-CC23C3E65B27}
		{130C5058-FAAD-497F-9998-7E945C9BE947} = {130C5058-FAAD-497F-9998-7E945C9BE947}
		{60B9B659-AB7B-4468-9AD1-F0ACBD9FABE8} = {60B9B659-AB7B-4468-9AD1-F0ACBD9FABE8}
		{E163275C-432C-4AEC-B80B-3B05B266893E} = {E163275C-432C-4AEC-B80B-3B05B266893E}
		{A61DA365-240E-498C-98D6-16F486770D70} = {A61DA365-240E-498C-98D6-16F486770D70}
		{4DFAEC7C-EB5F-48E0-8249-0B8754C5D7E3} = {4DFAEC7C-EB5F-48E0-8249-0B8754C5D7E3}
		{0859179C-FCC5-4214-80FE-ECB37E8CD811} = {0859179C-FCC5-4214-80FE-ECB37E8CD811}
		{93C8B9A4-A97F-4D38-92C6-8C159CABC82F} = {93C8B9A4-A97F-4D38-92C6-8C159CABC82F}
		{C5A519A5-3FF6-4F44-B3B0-CEF18BDDCD43} = {C5A519A5-3FF6-4F44-B3B0-CEF18BDDCD43}
		{95F061A5-A330-4806-8DEB-65F8BB4B6D9C} = {95F061A5-A330-4806-8DEB-65F8BB4B6D9C}
		{23B5AAB4-43BD-4CC0-BFFF-3BCA1ECE091C} = {23B5AAB4-43BD-4CC0-BFFF-3BCA1ECE091C}
		{23C7B9B4-8C73-423D-8ED1-DEEA76D66E05} = {23C7B9B4-8C73-423D-8ED1-DEEA76D66E05}
		{D2D752BB-9C64-4916-9BD0-9792B55F14B2} = {D2D752BB-9C64-4916-9BD0-9792B55F14B2}
		{5DE56BE0-B25E-456D-A8FE-82447884ED07} = {5DE56BE0-B25E-456D-A8FE-82447884ED07}
		{E0282CE7-D377-4DBD-9B05-94C4FDE8D148} = {E0282CE7-D377-4DBD-9B05-94C4FDE8D148}
		{86661EF6-6888-4CE6-B320-30F96FE20DCC} = {86661EF6-6888-4CE6-B320-30F96FE20DCC}
	EndProjectSection
EndProject
Project("{FAE04EC0-301F-11D3-BF4B-00C04F79EFBC}") = "Platform.Utils.Events.Data", "Platform.Utils.Events.Data\Platform.Utils.Events.Data.csproj", "{130C5058-FAAD-497F-9998-7E945C9BE947}"
EndProject
Project("{FAE04EC0-301F-11D3-BF4B-00C04F79EFBC}") = "Platform.Utils.Events.Domain", "Platform.Utils.Events.Domain\Platform.Utils.Events.Domain.csproj", "{BC4E611C-07B8-48DE-A956-D3F1C83FCA16}"
EndProject
Project("{FAE04EC0-301F-11D3-BF4B-00C04F79EFBC}") = "Platform.Utils.Events.Manager", "Platform.Utils.Events.Manager\Platform.Utils.Events.Manager.csproj", "{1D8B6B27-8814-49A0-A586-C8B25D4CE97B}"
EndProject
Project("{FAE04EC0-301F-11D3-BF4B-00C04F79EFBC}") = "Platform.Utils.Events.QueryGenerator", "Platform.Utils.Events.QueryGenerator\Platform.Utils.Events.QueryGenerator.csproj", "{E0282CE7-D377-4DBD-9B05-94C4FDE8D148}"
EndProject
Project("{FAE04EC0-301F-11D3-BF4B-00C04F79EFBC}") = "Platform.Utils.Events.QueryParser", "Platform.Utils.Events.QueryParser\Platform.Utils.Events.QueryParser.csproj", "{3887693A-1363-40EA-BE4B-5BBB2007F3FA}"
EndProject
Project("{FAE04EC0-301F-11D3-BF4B-00C04F79EFBC}") = "Platform.Utils.Events.QueryParser.Domain", "Platform.Utils.Events.QueryParser.Domain\Platform.Utils.Events.QueryParser.Domain.csproj", "{47524E40-D3AB-4A45-BD5B-55E97D7BD541}"
EndProject
Project("{FAE04EC0-301F-11D3-BF4B-00C04F79EFBC}") = "Platform.Utils.Events.QueryParser.Tests", "Platform.Utils.Events.QueryParser.Tests\Platform.Utils.Events.QueryParser.Tests.csproj", "{5B124035-0FCB-4536-9D3F-8FEB1E7837AF}"
EndProject
Project("{FAE04EC0-301F-11D3-BF4B-00C04F79EFBC}") = "Platform.Utils.Events.ScriptEngine", "Platform.Utils.Events.ScriptEngine\Platform.Utils.Events.ScriptEngine.csproj", "{60B9B659-AB7B-4468-9AD1-F0ACBD9FABE8}"
EndProject
Project("{2150E333-8FDC-42A3-9474-1A3956D46DE8}") = "Tests", "Tests", "{00738D6E-2D0D-41BD-A238-9115D56307B3}"
EndProject
Project("{2150E333-8FDC-42A3-9474-1A3956D46DE8}") = "Publish", "Publish", "{30E870AB-881F-46C2-8E3F-9D07E8614DDC}"
EndProject
Project("{2150E333-8FDC-42A3-9474-1A3956D46DE8}") = "Events", "Events", "{01C2D90D-5191-4A69-B7B7-BB6054AEC5BD}"
EndProject
Project("{2150E333-8FDC-42A3-9474-1A3956D46DE8}") = "Storages", "Storages", "{CDCC9F14-D48E-4010-A4B7-48B384F8C940}"
EndProject
Project("{FAE04EC0-301F-11D3-BF4B-00C04F79EFBC}") = "Platform.Utils.Grpc", "Platform.Utils.Grpc\Platform.Utils.Grpc.csproj", "{4DFAEC7C-EB5F-48E0-8249-0B8754C5D7E3}"
EndProject
Project("{FAE04EC0-301F-11D3-BF4B-00C04F79EFBC}") = "Platform.Utils.TransactionCache", "Platform.Utils.TransactionCache\Platform.Utils.TransactionCache.csproj", "{95F061A5-A330-4806-8DEB-65F8BB4B6D9C}"
EndProject
Project("{2150E333-8FDC-42A3-9474-1A3956D46DE8}") = "Messaging", "Messaging", "{0534814A-CC54-4161-AB88-B0480BCCD801}"
EndProject
Project("{FAE04EC0-301F-11D3-BF4B-00C04F79EFBC}") = "Platform.Utils.Events.QueryGenerator.Tests", "Platform.Utils.Events.QueryGenerator.Tests\Platform.Utils.Events.QueryGenerator.Tests.csproj", "{EA96CFA1-EC5F-469B-94E8-4FDE005904A9}"
EndProject
Global
	GlobalSection(SolutionConfigurationPlatforms) = preSolution
		Debug|Any CPU = Debug|Any CPU
		Release|Any CPU = Release|Any CPU
	EndGlobalSection
	GlobalSection(ProjectConfigurationPlatforms) = postSolution
		{5FEB9E21-36AB-4202-80C2-5EAEA87186C5}.Debug|Any CPU.ActiveCfg = Debug|Any CPU
		{5FEB9E21-36AB-4202-80C2-5EAEA87186C5}.Debug|Any CPU.Build.0 = Debug|Any CPU
		{5FEB9E21-36AB-4202-80C2-5EAEA87186C5}.Release|Any CPU.ActiveCfg = Release|Any CPU
		{5FEB9E21-36AB-4202-80C2-5EAEA87186C5}.Release|Any CPU.Build.0 = Release|Any CPU
		{781EF01E-9543-475D-914D-A01BF487FF49}.Debug|Any CPU.ActiveCfg = Debug|Any CPU
		{781EF01E-9543-475D-914D-A01BF487FF49}.Debug|Any CPU.Build.0 = Debug|Any CPU
		{781EF01E-9543-475D-914D-A01BF487FF49}.Release|Any CPU.ActiveCfg = Release|Any CPU
		{781EF01E-9543-475D-914D-A01BF487FF49}.Release|Any CPU.Build.0 = Release|Any CPU
		{5DE56BE0-B25E-456D-A8FE-82447884ED07}.Debug|Any CPU.ActiveCfg = Debug|Any CPU
		{5DE56BE0-B25E-456D-A8FE-82447884ED07}.Debug|Any CPU.Build.0 = Debug|Any CPU
		{5DE56BE0-B25E-456D-A8FE-82447884ED07}.Release|Any CPU.ActiveCfg = Release|Any CPU
		{5DE56BE0-B25E-456D-A8FE-82447884ED07}.Release|Any CPU.Build.0 = Release|Any CPU
		{A4DDBE2C-24D4-4250-A7CF-FAB16C07F4CD}.Debug|Any CPU.ActiveCfg = Debug|Any CPU
		{A4DDBE2C-24D4-4250-A7CF-FAB16C07F4CD}.Debug|Any CPU.Build.0 = Debug|Any CPU
		{A4DDBE2C-24D4-4250-A7CF-FAB16C07F4CD}.Release|Any CPU.ActiveCfg = Release|Any CPU
		{A4DDBE2C-24D4-4250-A7CF-FAB16C07F4CD}.Release|Any CPU.Build.0 = Release|Any CPU
		{0859179C-FCC5-4214-80FE-ECB37E8CD811}.Debug|Any CPU.ActiveCfg = Debug|Any CPU
		{0859179C-FCC5-4214-80FE-ECB37E8CD811}.Debug|Any CPU.Build.0 = Debug|Any CPU
		{0859179C-FCC5-4214-80FE-ECB37E8CD811}.Release|Any CPU.ActiveCfg = Release|Any CPU
		{0859179C-FCC5-4214-80FE-ECB37E8CD811}.Release|Any CPU.Build.0 = Release|Any CPU
		{C5A519A5-3FF6-4F44-B3B0-CEF18BDDCD43}.Debug|Any CPU.ActiveCfg = Debug|Any CPU
		{C5A519A5-3FF6-4F44-B3B0-CEF18BDDCD43}.Debug|Any CPU.Build.0 = Debug|Any CPU
		{C5A519A5-3FF6-4F44-B3B0-CEF18BDDCD43}.Release|Any CPU.ActiveCfg = Release|Any CPU
		{C5A519A5-3FF6-4F44-B3B0-CEF18BDDCD43}.Release|Any CPU.Build.0 = Release|Any CPU
		{D2D752BB-9C64-4916-9BD0-9792B55F14B2}.Debug|Any CPU.ActiveCfg = Debug|Any CPU
		{D2D752BB-9C64-4916-9BD0-9792B55F14B2}.Debug|Any CPU.Build.0 = Debug|Any CPU
		{D2D752BB-9C64-4916-9BD0-9792B55F14B2}.Release|Any CPU.ActiveCfg = Release|Any CPU
		{D2D752BB-9C64-4916-9BD0-9792B55F14B2}.Release|Any CPU.Build.0 = Release|Any CPU
		{A61DA365-240E-498C-98D6-16F486770D70}.Debug|Any CPU.ActiveCfg = Debug|Any CPU
		{A61DA365-240E-498C-98D6-16F486770D70}.Debug|Any CPU.Build.0 = Debug|Any CPU
		{A61DA365-240E-498C-98D6-16F486770D70}.Release|Any CPU.ActiveCfg = Release|Any CPU
		{A61DA365-240E-498C-98D6-16F486770D70}.Release|Any CPU.Build.0 = Release|Any CPU
		{E163275C-432C-4AEC-B80B-3B05B266893E}.Debug|Any CPU.ActiveCfg = Debug|Any CPU
		{E163275C-432C-4AEC-B80B-3B05B266893E}.Debug|Any CPU.Build.0 = Debug|Any CPU
		{E163275C-432C-4AEC-B80B-3B05B266893E}.Release|Any CPU.ActiveCfg = Release|Any CPU
		{E163275C-432C-4AEC-B80B-3B05B266893E}.Release|Any CPU.Build.0 = Release|Any CPU
		{86661EF6-6888-4CE6-B320-30F96FE20DCC}.Debug|Any CPU.ActiveCfg = Debug|Any CPU
		{86661EF6-6888-4CE6-B320-30F96FE20DCC}.Debug|Any CPU.Build.0 = Debug|Any CPU
		{86661EF6-6888-4CE6-B320-30F96FE20DCC}.Release|Any CPU.ActiveCfg = Release|Any CPU
		{86661EF6-6888-4CE6-B320-30F96FE20DCC}.Release|Any CPU.Build.0 = Release|Any CPU
		{23B5AAB4-43BD-4CC0-BFFF-3BCA1ECE091C}.Debug|Any CPU.ActiveCfg = Debug|Any CPU
		{23B5AAB4-43BD-4CC0-BFFF-3BCA1ECE091C}.Debug|Any CPU.Build.0 = Debug|Any CPU
		{23B5AAB4-43BD-4CC0-BFFF-3BCA1ECE091C}.Release|Any CPU.ActiveCfg = Release|Any CPU
		{23B5AAB4-43BD-4CC0-BFFF-3BCA1ECE091C}.Release|Any CPU.Build.0 = Release|Any CPU
		{9CA65A2E-1B49-4251-9847-FDF50F6EE5DA}.Debug|Any CPU.ActiveCfg = Debug|Any CPU
		{9CA65A2E-1B49-4251-9847-FDF50F6EE5DA}.Debug|Any CPU.Build.0 = Debug|Any CPU
		{9CA65A2E-1B49-4251-9847-FDF50F6EE5DA}.Release|Any CPU.ActiveCfg = Release|Any CPU
		{23C7B9B4-8C73-423D-8ED1-DEEA76D66E05}.Debug|Any CPU.ActiveCfg = Debug|Any CPU
		{23C7B9B4-8C73-423D-8ED1-DEEA76D66E05}.Debug|Any CPU.Build.0 = Debug|Any CPU
		{23C7B9B4-8C73-423D-8ED1-DEEA76D66E05}.Release|Any CPU.ActiveCfg = Release|Any CPU
		{23C7B9B4-8C73-423D-8ED1-DEEA76D66E05}.Release|Any CPU.Build.0 = Release|Any CPU
		{93C8B9A4-A97F-4D38-92C6-8C159CABC82F}.Debug|Any CPU.ActiveCfg = Debug|Any CPU
		{93C8B9A4-A97F-4D38-92C6-8C159CABC82F}.Debug|Any CPU.Build.0 = Debug|Any CPU
		{93C8B9A4-A97F-4D38-92C6-8C159CABC82F}.Release|Any CPU.ActiveCfg = Release|Any CPU
		{93C8B9A4-A97F-4D38-92C6-8C159CABC82F}.Release|Any CPU.Build.0 = Release|Any CPU
		{62540A57-8E57-4148-A0D7-CC23C3E65B27}.Debug|Any CPU.ActiveCfg = Debug|Any CPU
		{62540A57-8E57-4148-A0D7-CC23C3E65B27}.Debug|Any CPU.Build.0 = Debug|Any CPU
		{62540A57-8E57-4148-A0D7-CC23C3E65B27}.Release|Any CPU.ActiveCfg = Release|Any CPU
		{62540A57-8E57-4148-A0D7-CC23C3E65B27}.Release|Any CPU.Build.0 = Release|Any CPU
		{DF997291-245E-40FB-9618-0AD3F2EB627A}.Debug|Any CPU.ActiveCfg = Debug|Any CPU
		{DF997291-245E-40FB-9618-0AD3F2EB627A}.Release|Any CPU.ActiveCfg = Release|Any CPU
		{130C5058-FAAD-497F-9998-7E945C9BE947}.Debug|Any CPU.ActiveCfg = Debug|Any CPU
		{130C5058-FAAD-497F-9998-7E945C9BE947}.Debug|Any CPU.Build.0 = Debug|Any CPU
		{130C5058-FAAD-497F-9998-7E945C9BE947}.Release|Any CPU.ActiveCfg = Release|Any CPU
		{130C5058-FAAD-497F-9998-7E945C9BE947}.Release|Any CPU.Build.0 = Release|Any CPU
		{BC4E611C-07B8-48DE-A956-D3F1C83FCA16}.Debug|Any CPU.ActiveCfg = Debug|Any CPU
		{BC4E611C-07B8-48DE-A956-D3F1C83FCA16}.Debug|Any CPU.Build.0 = Debug|Any CPU
		{BC4E611C-07B8-48DE-A956-D3F1C83FCA16}.Release|Any CPU.ActiveCfg = Release|Any CPU
		{BC4E611C-07B8-48DE-A956-D3F1C83FCA16}.Release|Any CPU.Build.0 = Release|Any CPU
		{1D8B6B27-8814-49A0-A586-C8B25D4CE97B}.Debug|Any CPU.ActiveCfg = Debug|Any CPU
		{1D8B6B27-8814-49A0-A586-C8B25D4CE97B}.Debug|Any CPU.Build.0 = Debug|Any CPU
		{1D8B6B27-8814-49A0-A586-C8B25D4CE97B}.Release|Any CPU.ActiveCfg = Release|Any CPU
		{1D8B6B27-8814-49A0-A586-C8B25D4CE97B}.Release|Any CPU.Build.0 = Release|Any CPU
		{E0282CE7-D377-4DBD-9B05-94C4FDE8D148}.Debug|Any CPU.ActiveCfg = Debug|Any CPU
		{E0282CE7-D377-4DBD-9B05-94C4FDE8D148}.Debug|Any CPU.Build.0 = Debug|Any CPU
		{E0282CE7-D377-4DBD-9B05-94C4FDE8D148}.Release|Any CPU.ActiveCfg = Release|Any CPU
		{E0282CE7-D377-4DBD-9B05-94C4FDE8D148}.Release|Any CPU.Build.0 = Release|Any CPU
		{3887693A-1363-40EA-BE4B-5BBB2007F3FA}.Debug|Any CPU.ActiveCfg = Debug|Any CPU
		{3887693A-1363-40EA-BE4B-5BBB2007F3FA}.Debug|Any CPU.Build.0 = Debug|Any CPU
		{3887693A-1363-40EA-BE4B-5BBB2007F3FA}.Release|Any CPU.ActiveCfg = Release|Any CPU
		{3887693A-1363-40EA-BE4B-5BBB2007F3FA}.Release|Any CPU.Build.0 = Release|Any CPU
		{47524E40-D3AB-4A45-BD5B-55E97D7BD541}.Debug|Any CPU.ActiveCfg = Debug|Any CPU
		{47524E40-D3AB-4A45-BD5B-55E97D7BD541}.Debug|Any CPU.Build.0 = Debug|Any CPU
		{47524E40-D3AB-4A45-BD5B-55E97D7BD541}.Release|Any CPU.ActiveCfg = Release|Any CPU
		{47524E40-D3AB-4A45-BD5B-55E97D7BD541}.Release|Any CPU.Build.0 = Release|Any CPU
		{5B124035-0FCB-4536-9D3F-8FEB1E7837AF}.Debug|Any CPU.ActiveCfg = Debug|Any CPU
		{5B124035-0FCB-4536-9D3F-8FEB1E7837AF}.Debug|Any CPU.Build.0 = Debug|Any CPU
		{5B124035-0FCB-4536-9D3F-8FEB1E7837AF}.Release|Any CPU.ActiveCfg = Release|Any CPU
		{5B124035-0FCB-4536-9D3F-8FEB1E7837AF}.Release|Any CPU.Build.0 = Release|Any CPU
		{60B9B659-AB7B-4468-9AD1-F0ACBD9FABE8}.Debug|Any CPU.ActiveCfg = Debug|Any CPU
		{60B9B659-AB7B-4468-9AD1-F0ACBD9FABE8}.Debug|Any CPU.Build.0 = Debug|Any CPU
		{60B9B659-AB7B-4468-9AD1-F0ACBD9FABE8}.Release|Any CPU.ActiveCfg = Release|Any CPU
		{60B9B659-AB7B-4468-9AD1-F0ACBD9FABE8}.Release|Any CPU.Build.0 = Release|Any CPU
		{4DFAEC7C-EB5F-48E0-8249-0B8754C5D7E3}.Debug|Any CPU.ActiveCfg = Debug|Any CPU
		{4DFAEC7C-EB5F-48E0-8249-0B8754C5D7E3}.Debug|Any CPU.Build.0 = Debug|Any CPU
		{4DFAEC7C-EB5F-48E0-8249-0B8754C5D7E3}.Release|Any CPU.ActiveCfg = Release|Any CPU
		{4DFAEC7C-EB5F-48E0-8249-0B8754C5D7E3}.Release|Any CPU.Build.0 = Release|Any CPU
		{95F061A5-A330-4806-8DEB-65F8BB4B6D9C}.Debug|Any CPU.ActiveCfg = Debug|Any CPU
		{95F061A5-A330-4806-8DEB-65F8BB4B6D9C}.Debug|Any CPU.Build.0 = Debug|Any CPU
		{95F061A5-A330-4806-8DEB-65F8BB4B6D9C}.Release|Any CPU.ActiveCfg = Release|Any CPU
		{95F061A5-A330-4806-8DEB-65F8BB4B6D9C}.Release|Any CPU.Build.0 = Release|Any CPU
		{EA96CFA1-EC5F-469B-94E8-4FDE005904A9}.Debug|Any CPU.ActiveCfg = Debug|Any CPU
		{EA96CFA1-EC5F-469B-94E8-4FDE005904A9}.Debug|Any CPU.Build.0 = Debug|Any CPU
		{EA96CFA1-EC5F-469B-94E8-4FDE005904A9}.Release|Any CPU.ActiveCfg = Release|Any CPU
		{EA96CFA1-EC5F-469B-94E8-4FDE005904A9}.Release|Any CPU.Build.0 = Release|Any CPU
	EndGlobalSection
	GlobalSection(SolutionProperties) = preSolution
		HideSolutionNode = FALSE
	EndGlobalSection
	GlobalSection(NestedProjects) = preSolution
		{781EF01E-9543-475D-914D-A01BF487FF49} = {CDCC9F14-D48E-4010-A4B7-48B384F8C940}
		{5DE56BE0-B25E-456D-A8FE-82447884ED07} = {CDCC9F14-D48E-4010-A4B7-48B384F8C940}
		{A4DDBE2C-24D4-4250-A7CF-FAB16C07F4CD} = {CDCC9F14-D48E-4010-A4B7-48B384F8C940}
		{C5A519A5-3FF6-4F44-B3B0-CEF18BDDCD43} = {0534814A-CC54-4161-AB88-B0480BCCD801}
		{E163275C-432C-4AEC-B80B-3B05B266893E} = {CDCC9F14-D48E-4010-A4B7-48B384F8C940}
		{23B5AAB4-43BD-4CC0-BFFF-3BCA1ECE091C} = {0534814A-CC54-4161-AB88-B0480BCCD801}
		{9CA65A2E-1B49-4251-9847-FDF50F6EE5DA} = {00738D6E-2D0D-41BD-A238-9115D56307B3}
		{23C7B9B4-8C73-423D-8ED1-DEEA76D66E05} = {0534814A-CC54-4161-AB88-B0480BCCD801}
		{93C8B9A4-A97F-4D38-92C6-8C159CABC82F} = {0534814A-CC54-4161-AB88-B0480BCCD801}
		{DF997291-245E-40FB-9618-0AD3F2EB627A} = {30E870AB-881F-46C2-8E3F-9D07E8614DDC}
		{130C5058-FAAD-497F-9998-7E945C9BE947} = {01C2D90D-5191-4A69-B7B7-BB6054AEC5BD}
		{BC4E611C-07B8-48DE-A956-D3F1C83FCA16} = {01C2D90D-5191-4A69-B7B7-BB6054AEC5BD}
		{1D8B6B27-8814-49A0-A586-C8B25D4CE97B} = {01C2D90D-5191-4A69-B7B7-BB6054AEC5BD}
		{E0282CE7-D377-4DBD-9B05-94C4FDE8D148} = {01C2D90D-5191-4A69-B7B7-BB6054AEC5BD}
		{3887693A-1363-40EA-BE4B-5BBB2007F3FA} = {01C2D90D-5191-4A69-B7B7-BB6054AEC5BD}
		{47524E40-D3AB-4A45-BD5B-55E97D7BD541} = {01C2D90D-5191-4A69-B7B7-BB6054AEC5BD}
		{5B124035-0FCB-4536-9D3F-8FEB1E7837AF} = {00738D6E-2D0D-41BD-A238-9115D56307B3}
		{60B9B659-AB7B-4468-9AD1-F0ACBD9FABE8} = {01C2D90D-5191-4A69-B7B7-BB6054AEC5BD}
		{4DFAEC7C-EB5F-48E0-8249-0B8754C5D7E3} = {0534814A-CC54-4161-AB88-B0480BCCD801}
		{EA96CFA1-EC5F-469B-94E8-4FDE005904A9} = {00738D6E-2D0D-41BD-A238-9115D56307B3}
	EndGlobalSection
EndGlobal
