
Microsoft Visual Studio Solution File, Format Version 12.00
# Visual Studio 14
VisualStudioVersion = 14.0.25420.1
MinimumVisualStudioVersion = 10.0.40219.1
Project("{2150E333-8FDC-42A3-9474-1A3956D46DE8}") = "src", "src", "{D9C70D35-CBE2-4F8A-9FD2-2BF3E337EE5F}"
EndProject
Project("{2150E333-8FDC-42A3-9474-1A3956D46DE8}") = "Solution Items", "Solution Items", "{1E74803E-06CD-4663-B943-5E6E7F73AE51}"
	ProjectSection(SolutionItems) = preProject
		global.json = global.json
	EndProjectSection
EndProject
Project("{8BB2217D-0F2D-49D1-97BC-3654ED321F3B}") = "Platform.Service.NetCore", "src\Platform.Service.NetCore\Platform.Service.NetCore.xproj", "{A9DC8162-5B89-44FF-9D2A-07B1FF7F090C}"
EndProject
Global
	GlobalSection(SolutionConfigurationPlatforms) = preSolution
		Debug|Any CPU = Debug|Any CPU
		Release|Any CPU = Release|Any CPU
	EndGlobalSection
	GlobalSection(ProjectConfigurationPlatforms) = postSolution
		{A9DC8162-5B89-44FF-9D2A-07B1FF7F090C}.Debug|Any CPU.ActiveCfg = Debug|Any CPU
		{A9DC8162-5B89-44FF-9D2A-07B1FF7F090C}.Debug|Any CPU.Build.0 = Debug|Any CPU
		{A9DC8162-5B89-44FF-9D2A-07B1FF7F090C}.Release|Any CPU.ActiveCfg = Release|Any CPU
		{A9DC8162-5B89-44FF-9D2A-07B1FF7F090C}.Release|Any CPU.Build.0 = Release|Any CPU
	EndGlobalSection
	GlobalSection(SolutionProperties) = preSolution
		HideSolutionNode = FALSE
	EndGlobalSection
	GlobalSection(NestedProjects) = preSolution
		{A9DC8162-5B89-44FF-9D2A-07B1FF7F090C} = {D9C70D35-CBE2-4F8A-9FD2-2BF3E337EE5F}
	EndGlobalSection
EndGlobal
